
Microsoft Visual Studio Solution File, Format Version 12.00
# Visual Studio 15
VisualStudioVersion = 15.0.27703.2047
MinimumVisualStudioVersion = 10.0.40219.1
Project("{FAE04EC0-301F-11D3-BF4B-00C04F79EFBC}") = "Listor", "Listor\Listor.csproj", "{F2CF41FA-12C9-432F-898C-CA14378A5CC8}"
EndProject
Project("{FAE04EC0-301F-11D3-BF4B-00C04F79EFBC}") = "ParameterTypes", "ParameterTypes\ParameterTypes.csproj", "{9E2B0077-31D9-4984-8002-41C5D88282F7}"
EndProject
Project("{FAE04EC0-301F-11D3-BF4B-00C04F79EFBC}") = "Overriding,Overloading,ConstructorChaining,Virtual", "Overriding,Overloading,ConstructorChaining,Virtual\Overriding,Overloading,ConstructorChaining,Virtual.csproj", "{4750F2C8-5236-48F3-8378-D92CC32B4828}"
EndProject
Project("{FAE04EC0-301F-11D3-BF4B-00C04F79EFBC}") = "Encapsulation,Reflection", "Encapsulation,Reflection\Encapsulation,Reflection.csproj", "{103CD7A7-CF46-492A-B1A9-7C15B0A6499E}"
EndProject
Project("{FAE04EC0-301F-11D3-BF4B-00C04F79EFBC}") = "Delegates", "Delegates\Delegates.csproj", "{970A54F2-4738-4487-B2E2-30047899C871}"
EndProject
Project("{FAE04EC0-301F-11D3-BF4B-00C04F79EFBC}") = "Generics", "Generics\Generics.csproj", "{6BFFBA18-F02A-465E-A22C-E15F3A8E784F}"
EndProject
Project("{FAE04EC0-301F-11D3-BF4B-00C04F79EFBC}") = "GenericInterfacesAndConstrains", "GenericInterfacesAndConstrains\GenericInterfacesAndConstrains.csproj", "{99AFB40F-E846-4114-ADA1-EC35EC11A6A0}"
EndProject
Project("{FAE04EC0-301F-11D3-BF4B-00C04F79EFBC}") = "TemporaryForDictionaryPractice", "TemporaryForDictionaryPractice\TemporaryForDictionaryPractice.csproj", "{DE41DA8B-94A9-4899-B103-459998807E93}"
EndProject
Global
	GlobalSection(SolutionConfigurationPlatforms) = preSolution
		Debug|Any CPU = Debug|Any CPU
		Release|Any CPU = Release|Any CPU
	EndGlobalSection
	GlobalSection(ProjectConfigurationPlatforms) = postSolution
		{F2CF41FA-12C9-432F-898C-CA14378A5CC8}.Debug|Any CPU.ActiveCfg = Debug|Any CPU
		{F2CF41FA-12C9-432F-898C-CA14378A5CC8}.Debug|Any CPU.Build.0 = Debug|Any CPU
		{F2CF41FA-12C9-432F-898C-CA14378A5CC8}.Release|Any CPU.ActiveCfg = Release|Any CPU
		{F2CF41FA-12C9-432F-898C-CA14378A5CC8}.Release|Any CPU.Build.0 = Release|Any CPU
		{9E2B0077-31D9-4984-8002-41C5D88282F7}.Debug|Any CPU.ActiveCfg = Debug|Any CPU
		{9E2B0077-31D9-4984-8002-41C5D88282F7}.Debug|Any CPU.Build.0 = Debug|Any CPU
		{9E2B0077-31D9-4984-8002-41C5D88282F7}.Release|Any CPU.ActiveCfg = Release|Any CPU
		{9E2B0077-31D9-4984-8002-41C5D88282F7}.Release|Any CPU.Build.0 = Release|Any CPU
		{4750F2C8-5236-48F3-8378-D92CC32B4828}.Debug|Any CPU.ActiveCfg = Debug|Any CPU
		{4750F2C8-5236-48F3-8378-D92CC32B4828}.Debug|Any CPU.Build.0 = Debug|Any CPU
		{4750F2C8-5236-48F3-8378-D92CC32B4828}.Release|Any CPU.ActiveCfg = Release|Any CPU
		{4750F2C8-5236-48F3-8378-D92CC32B4828}.Release|Any CPU.Build.0 = Release|Any CPU
		{103CD7A7-CF46-492A-B1A9-7C15B0A6499E}.Debug|Any CPU.ActiveCfg = Debug|Any CPU
		{103CD7A7-CF46-492A-B1A9-7C15B0A6499E}.Debug|Any CPU.Build.0 = Debug|Any CPU
		{103CD7A7-CF46-492A-B1A9-7C15B0A6499E}.Release|Any CPU.ActiveCfg = Release|Any CPU
		{103CD7A7-CF46-492A-B1A9-7C15B0A6499E}.Release|Any CPU.Build.0 = Release|Any CPU
		{970A54F2-4738-4487-B2E2-30047899C871}.Debug|Any CPU.ActiveCfg = Debug|Any CPU
		{970A54F2-4738-4487-B2E2-30047899C871}.Debug|Any CPU.Build.0 = Debug|Any CPU
		{970A54F2-4738-4487-B2E2-30047899C871}.Release|Any CPU.ActiveCfg = Release|Any CPU
		{970A54F2-4738-4487-B2E2-30047899C871}.Release|Any CPU.Build.0 = Release|Any CPU
		{6BFFBA18-F02A-465E-A22C-E15F3A8E784F}.Debug|Any CPU.ActiveCfg = Debug|Any CPU
		{6BFFBA18-F02A-465E-A22C-E15F3A8E784F}.Debug|Any CPU.Build.0 = Debug|Any CPU
		{6BFFBA18-F02A-465E-A22C-E15F3A8E784F}.Release|Any CPU.ActiveCfg = Release|Any CPU
		{6BFFBA18-F02A-465E-A22C-E15F3A8E784F}.Release|Any CPU.Build.0 = Release|Any CPU
		{99AFB40F-E846-4114-ADA1-EC35EC11A6A0}.Debug|Any CPU.ActiveCfg = Debug|Any CPU
		{99AFB40F-E846-4114-ADA1-EC35EC11A6A0}.Debug|Any CPU.Build.0 = Debug|Any CPU
		{99AFB40F-E846-4114-ADA1-EC35EC11A6A0}.Release|Any CPU.ActiveCfg = Release|Any CPU
		{99AFB40F-E846-4114-ADA1-EC35EC11A6A0}.Release|Any CPU.Build.0 = Release|Any CPU
		{DE41DA8B-94A9-4899-B103-459998807E93}.Debug|Any CPU.ActiveCfg = Debug|Any CPU
		{DE41DA8B-94A9-4899-B103-459998807E93}.Debug|Any CPU.Build.0 = Debug|Any CPU
		{DE41DA8B-94A9-4899-B103-459998807E93}.Release|Any CPU.ActiveCfg = Release|Any CPU
		{DE41DA8B-94A9-4899-B103-459998807E93}.Release|Any CPU.Build.0 = Release|Any CPU
	EndGlobalSection
	GlobalSection(SolutionProperties) = preSolution
		HideSolutionNode = FALSE
	EndGlobalSection
	GlobalSection(ExtensibilityGlobals) = postSolution
		SolutionGuid = {34E544B5-9274-4EA3-9331-FC9E49926444}
	EndGlobalSection
EndGlobal
